
Microsoft Visual Studio Solution File, Format Version 12.00
# Visual Studio Version 17
VisualStudioVersion = 17.2.32516.85
MinimumVisualStudioVersion = 10.0.40219.1
Project("{FAE04EC0-301F-11D3-BF4B-00C04F79EFBC}") = "project shell", "project shell\project shell.csproj", "{3DEE0CB5-4955-4E4E-A2A1-ADE8EB290740}"
EndProject
Global
	GlobalSection(SolutionConfigurationPlatforms) = preSolution
		Debug|Any CPU = Debug|Any CPU
		Release|Any CPU = Release|Any CPU
	EndGlobalSection
	GlobalSection(ProjectConfigurationPlatforms) = postSolution
		{3DEE0CB5-4955-4E4E-A2A1-ADE8EB290740}.Debug|Any CPU.ActiveCfg = Debug|Any CPU
		{3DEE0CB5-4955-4E4E-A2A1-ADE8EB290740}.Debug|Any CPU.Build.0 = Debug|Any CPU
		{3DEE0CB5-4955-4E4E-A2A1-ADE8EB290740}.Release|Any CPU.ActiveCfg = Release|Any CPU
		{3DEE0CB5-4955-4E4E-A2A1-ADE8EB290740}.Release|Any CPU.Build.0 = Release|Any CPU
	EndGlobalSection
	GlobalSection(SolutionProperties) = preSolution
		HideSolutionNode = FALSE
	EndGlobalSection
	GlobalSection(ExtensibilityGlobals) = postSolution
		SolutionGuid = {0B023F01-478C-46FB-95D2-3F91A405C5D8}
	EndGlobalSection
EndGlobal
